
Microsoft Visual Studio Solution File, Format Version 12.00
# Visual Studio 15
VisualStudioVersion = 15.0.28010.2016
MinimumVisualStudioVersion = 10.0.40219.1
Project("{FAE04EC0-301F-11D3-BF4B-00C04F79EFBC}") = "MaderaConsola", "MaderaConsola.csproj", "{502182D3-0AAA-4E38-B441-AB4961BC3201}"
EndProject
Global
	GlobalSection(SolutionConfigurationPlatforms) = preSolution
		Debug|Any CPU = Debug|Any CPU
		Release|Any CPU = Release|Any CPU
	EndGlobalSection
	GlobalSection(ProjectConfigurationPlatforms) = postSolution
		{502182D3-0AAA-4E38-B441-AB4961BC3201}.Debug|Any CPU.ActiveCfg = Debug|Any CPU
		{502182D3-0AAA-4E38-B441-AB4961BC3201}.Debug|Any CPU.Build.0 = Debug|Any CPU
		{502182D3-0AAA-4E38-B441-AB4961BC3201}.Release|Any CPU.ActiveCfg = Release|Any CPU
		{502182D3-0AAA-4E38-B441-AB4961BC3201}.Release|Any CPU.Build.0 = Release|Any CPU
	EndGlobalSection
	GlobalSection(SolutionProperties) = preSolution
		HideSolutionNode = FALSE
	EndGlobalSection
	GlobalSection(ExtensibilityGlobals) = postSolution
		SolutionGuid = {A05280F7-3ED6-49CE-BF62-D54A0E7D641F}
	EndGlobalSection
EndGlobal
